
Microsoft Visual Studio Solution File, Format Version 12.00
# Visual Studio Version 17
VisualStudioVersion = 17.13.35818.85 d17.13
MinimumVisualStudioVersion = 10.0.40219.1
Project("{FAE04EC0-301F-11D3-BF4B-00C04F79EFBC}") = "Dijital Saat Uygulaması", "Dijital Saat Uygulaması\Dijital Saat Uygulaması.csproj", "{0A09894A-B154-4A6F-AD23-0E848C9172BD}"
EndProject
Global
	GlobalSection(SolutionConfigurationPlatforms) = preSolution
		Debug|Any CPU = Debug|Any CPU
		Release|Any CPU = Release|Any CPU
	EndGlobalSection
	GlobalSection(ProjectConfigurationPlatforms) = postSolution
		{0A09894A-B154-4A6F-AD23-0E848C9172BD}.Debug|Any CPU.ActiveCfg = Debug|Any CPU
		{0A09894A-B154-4A6F-AD23-0E848C9172BD}.Debug|Any CPU.Build.0 = Debug|Any CPU
		{0A09894A-B154-4A6F-AD23-0E848C9172BD}.Release|Any CPU.ActiveCfg = Release|Any CPU
		{0A09894A-B154-4A6F-AD23-0E848C9172BD}.Release|Any CPU.Build.0 = Release|Any CPU
	EndGlobalSection
	GlobalSection(SolutionProperties) = preSolution
		HideSolutionNode = FALSE
	EndGlobalSection
	GlobalSection(ExtensibilityGlobals) = postSolution
		SolutionGuid = {C5EA310B-B236-4268-A5C5-A009236F9177}
	EndGlobalSection
EndGlobal
